
Microsoft Visual Studio Solution File, Format Version 12.00
# Visual Studio Version 17
VisualStudioVersion = 17.6.33829.357
MinimumVisualStudioVersion = 10.0.40219.1
Project("{FAE04EC0-301F-11D3-BF4B-00C04F79EFBC}") = "MinHeapNodi", "MinHeapNodi\MinHeapNodi.csproj", "{208D5B6F-A2EA-4574-9B0B-813F2E942699}"
EndProject
Global
	GlobalSection(SolutionConfigurationPlatforms) = preSolution
		Debug|Any CPU = Debug|Any CPU
		Release|Any CPU = Release|Any CPU
	EndGlobalSection
	GlobalSection(ProjectConfigurationPlatforms) = postSolution
		{208D5B6F-A2EA-4574-9B0B-813F2E942699}.Debug|Any CPU.ActiveCfg = Debug|Any CPU
		{208D5B6F-A2EA-4574-9B0B-813F2E942699}.Debug|Any CPU.Build.0 = Debug|Any CPU
		{208D5B6F-A2EA-4574-9B0B-813F2E942699}.Release|Any CPU.ActiveCfg = Release|Any CPU
		{208D5B6F-A2EA-4574-9B0B-813F2E942699}.Release|Any CPU.Build.0 = Release|Any CPU
	EndGlobalSection
	GlobalSection(SolutionProperties) = preSolution
		HideSolutionNode = FALSE
	EndGlobalSection
	GlobalSection(ExtensibilityGlobals) = postSolution
		SolutionGuid = {E819BEA1-F3DB-4FEA-8CEA-52C7A1BA787E}
	EndGlobalSection
EndGlobal
